// !$*UTF8*$!
{
	archiveVersion = 1;
	classes = {
	};
	objectVersion = 48;
	objects = {

/* Begin PBXBuildFile section */
		5108B47A1FE332540041047F /* AppDelegate.swift in Sources */ = {isa = PBXBuildFile; fileRef = 5108B4791FE332540041047F /* AppDelegate.swift */; };
		5108B47C1FE332540041047F /* SongsViewController.swift in Sources */ = {isa = PBXBuildFile; fileRef = 5108B47B1FE332540041047F /* SongsViewController.swift */; };
		5108B47F1FE332540041047F /* Main.storyboard in Resources */ = {isa = PBXBuildFile; fileRef = 5108B47D1FE332540041047F /* Main.storyboard */; };
		5108B4811FE332540041047F /* Assets.xcassets in Resources */ = {isa = PBXBuildFile; fileRef = 5108B4801FE332540041047F /* Assets.xcassets */; };
		5108B4841FE332540041047F /* LaunchScreen.storyboard in Resources */ = {isa = PBXBuildFile; fileRef = 5108B4821FE332540041047F /* LaunchScreen.storyboard */; };
		5139222F20C614F200C8AB47 /* GuitarFunctions.swift in Sources */ = {isa = PBXBuildFile; fileRef = 5139222E20C614F200C8AB47 /* GuitarFunctions.swift */; };
		514C342E20CA137900430C2E /* DataController.swift in Sources */ = {isa = PBXBuildFile; fileRef = 514C342D20CA137900430C2E /* DataController.swift */; };
		514C343120CA13F000430C2E /* SongBook.xcdatamodeld in Sources */ = {isa = PBXBuildFile; fileRef = 514C342F20CA13F000430C2E /* SongBook.xcdatamodeld */; };
		514C343320CB660A00430C2E /* FavoritesSongsViewController.swift in Sources */ = {isa = PBXBuildFile; fileRef = 514C343220CB660A00430C2E /* FavoritesSongsViewController.swift */; };
		51CBD71720B24520006D8D4D /* Constants.swift in Sources */ = {isa = PBXBuildFile; fileRef = 51CBD71620B24520006D8D4D /* Constants.swift */; };
		51CBD71920B25224006D8D4D /* GCD.swift in Sources */ = {isa = PBXBuildFile; fileRef = 51CBD71820B25224006D8D4D /* GCD.swift */; };
		51DD20B520C336AE00D819F0 /* SongDetailViewController.swift in Sources */ = {isa = PBXBuildFile; fileRef = 51DD20B420C336AE00D819F0 /* SongDetailViewController.swift */; };
/* End PBXBuildFile section */

/* Begin PBXFileReference section */
		5108B4761FE332540041047F /* songBook.app */ = {isa = PBXFileReference; explicitFileType = wrapper.application; includeInIndex = 0; path = songBook.app; sourceTree = BUILT_PRODUCTS_DIR; };
		5108B4791FE332540041047F /* AppDelegate.swift */ = {isa = PBXFileReference; lastKnownFileType = sourcecode.swift; path = AppDelegate.swift; sourceTree = "<group>"; };
		5108B47B1FE332540041047F /* SongsViewController.swift */ = {isa = PBXFileReference; lastKnownFileType = sourcecode.swift; path = SongsViewController.swift; sourceTree = "<group>"; };
		5108B47E1FE332540041047F /* Base */ = {isa = PBXFileReference; lastKnownFileType = file.storyboard; name = Base; path = Base.lproj/Main.storyboard; sourceTree = "<group>"; };
		5108B4801FE332540041047F /* Assets.xcassets */ = {isa = PBXFileReference; lastKnownFileType = folder.assetcatalog; path = Assets.xcassets; sourceTree = "<group>"; };
		5108B4831FE332540041047F /* Base */ = {isa = PBXFileReference; lastKnownFileType = file.storyboard; name = Base; path = Base.lproj/LaunchScreen.storyboard; sourceTree = "<group>"; };
		5108B4851FE332540041047F /* Info.plist */ = {isa = PBXFileReference; lastKnownFileType = text.plist.xml; path = Info.plist; sourceTree = "<group>"; };
		5139222E20C614F200C8AB47 /* GuitarFunctions.swift */ = {isa = PBXFileReference; lastKnownFileType = sourcecode.swift; path = GuitarFunctions.swift; sourceTree = "<group>"; };
		514C342D20CA137900430C2E /* DataController.swift */ = {isa = PBXFileReference; lastKnownFileType = sourcecode.swift; path = DataController.swift; sourceTree = "<group>"; };
		514C343020CA13F000430C2E /* SongBook.xcdatamodel */ = {isa = PBXFileReference; lastKnownFileType = wrapper.xcdatamodel; path = SongBook.xcdatamodel; sourceTree = "<group>"; };
		514C343220CB660A00430C2E /* FavoritesSongsViewController.swift */ = {isa = PBXFileReference; lastKnownFileType = sourcecode.swift; path = FavoritesSongsViewController.swift; sourceTree = "<group>"; };
		51CBD71620B24520006D8D4D /* Constants.swift */ = {isa = PBXFileReference; lastKnownFileType = sourcecode.swift; path = Constants.swift; sourceTree = "<group>"; };
		51CBD71820B25224006D8D4D /* GCD.swift */ = {isa = PBXFileReference; lastKnownFileType = sourcecode.swift; path = GCD.swift; sourceTree = "<group>"; };
		51DD20B420C336AE00D819F0 /* SongDetailViewController.swift */ = {isa = PBXFileReference; lastKnownFileType = sourcecode.swift; path = SongDetailViewController.swift; sourceTree = "<group>"; };
/* End PBXFileReference section */

/* Begin PBXFrameworksBuildPhase section */
		5108B4731FE332540041047F /* Frameworks */ = {
			isa = PBXFrameworksBuildPhase;
			buildActionMask = 2147483647;
			files = (
			);
			runOnlyForDeploymentPostprocessing = 0;
		};
/* End PBXFrameworksBuildPhase section */

/* Begin PBXGroup section */
		5108B46D1FE332540041047F = {
			isa = PBXGroup;
			children = (
				5108B4781FE332540041047F /* songBook */,
				5108B4771FE332540041047F /* Products */,
			);
			sourceTree = "<group>";
		};
		5108B4771FE332540041047F /* Products */ = {
			isa = PBXGroup;
			children = (
				5108B4761FE332540041047F /* songBook.app */,
			);
			name = Products;
			sourceTree = "<group>";
		};
		5108B4781FE332540041047F /* songBook */ = {
			isa = PBXGroup;
			children = (
				5108B4791FE332540041047F /* AppDelegate.swift */,
				51CBD71820B25224006D8D4D /* GCD.swift */,
				51CBD71220ABC834006D8D4D /* Controllers */,
				51CBD71320ABC849006D8D4D /* Model */,
				51CBD71420ABC854006D8D4D /* View */,
				5108B47D1FE332540041047F /* Main.storyboard */,
				5108B4801FE332540041047F /* Assets.xcassets */,
				5108B4821FE332540041047F /* LaunchScreen.storyboard */,
				5108B4851FE332540041047F /* Info.plist */,
			);
			path = songBook;
			sourceTree = "<group>";
		};
		51CBD71220ABC834006D8D4D /* Controllers */ = {
			isa = PBXGroup;
			children = (
				5108B47B1FE332540041047F /* SongsViewController.swift */,
				51DD20B420C336AE00D819F0 /* SongDetailViewController.swift */,
				514C343220CB660A00430C2E /* FavoritesSongsViewController.swift */,
			);
			path = Controllers;
			sourceTree = "<group>";
		};
		51CBD71320ABC849006D8D4D /* Model */ = {
			isa = PBXGroup;
			children = (
				51CBD71520B244E1006D8D4D /* GuitarPartyAPI */,
				514C342D20CA137900430C2E /* DataController.swift */,
				514C342F20CA13F000430C2E /* SongBook.xcdatamodeld */,
			);
			path = Model;
			sourceTree = "<group>";
		};
		51CBD71420ABC854006D8D4D /* View */ = {
			isa = PBXGroup;
			children = (
			);
			path = View;
			sourceTree = "<group>";
		};
		51CBD71520B244E1006D8D4D /* GuitarPartyAPI */ = {
			isa = PBXGroup;
			children = (
				51CBD71620B24520006D8D4D /* Constants.swift */,
				5139222E20C614F200C8AB47 /* GuitarFunctions.swift */,
			);
			path = GuitarPartyAPI;
			sourceTree = "<group>";
		};
/* End PBXGroup section */

/* Begin PBXNativeTarget section */
		5108B4751FE332540041047F /* songBook */ = {
			isa = PBXNativeTarget;
			buildConfigurationList = 5108B4881FE332540041047F /* Build configuration list for PBXNativeTarget "songBook" */;
			buildPhases = (
				5108B4721FE332540041047F /* Sources */,
				5108B4731FE332540041047F /* Frameworks */,
				5108B4741FE332540041047F /* Resources */,
			);
			buildRules = (
			);
			dependencies = (
			);
			name = songBook;
			productName = songBook;
			productReference = 5108B4761FE332540041047F /* songBook.app */;
			productType = "com.apple.product-type.application";
		};
/* End PBXNativeTarget section */

/* Begin PBXProject section */
		5108B46E1FE332540041047F /* Project object */ = {
			isa = PBXProject;
			attributes = {
				LastSwiftUpdateCheck = 0920;
				LastUpgradeCheck = 0920;
				ORGANIZATIONNAME = "Felipe Valdivia";
				TargetAttributes = {
					5108B4751FE332540041047F = {
						CreatedOnToolsVersion = 9.2;
						ProvisioningStyle = Automatic;
					};
				};
			};
			buildConfigurationList = 5108B4711FE332540041047F /* Build configuration list for PBXProject "songBook" */;
			compatibilityVersion = "Xcode 8.0";
			developmentRegion = en;
			hasScannedForEncodings = 0;
			knownRegions = (
				en,
				Base,
			);
			mainGroup = 5108B46D1FE332540041047F;
			productRefGroup = 5108B4771FE332540041047F /* Products */;
			projectDirPath = "";
			projectRoot = "";
			targets = (
				5108B4751FE332540041047F /* songBook */,
			);
		};
/* End PBXProject section */

/* Begin PBXResourcesBuildPhase section */
		5108B4741FE332540041047F /* Resources */ = {
			isa = PBXResourcesBuildPhase;
			buildActionMask = 2147483647;
			files = (
				5108B4841FE332540041047F /* LaunchScreen.storyboard in Resources */,
				5108B4811FE332540041047F /* Assets.xcassets in Resources */,
				5108B47F1FE332540041047F /* Main.storyboard in Resources */,
			);
			runOnlyForDeploymentPostprocessing = 0;
		};
/* End PBXResourcesBuildPhase section */

/* Begin PBXSourcesBuildPhase section */
		5108B4721FE332540041047F /* Sources */ = {
			isa = PBXSourcesBuildPhase;
			buildActionMask = 2147483647;
			files = (
				514C342E20CA137900430C2E /* DataController.swift in Sources */,
				5108B47C1FE332540041047F /* SongsViewController.swift in Sources */,
				51DD20B520C336AE00D819F0 /* SongDetailViewController.swift in Sources */,
				5108B47A1FE332540041047F /* AppDelegate.swift in Sources */,
				5139222F20C614F200C8AB47 /* GuitarFunctions.swift in Sources */,
				51CBD71920B25224006D8D4D /* GCD.swift in Sources */,
				51CBD71720B24520006D8D4D /* Constants.swift in Sources */,
				514C343120CA13F000430C2E /* SongBook.xcdatamodeld in Sources */,
				514C343320CB660A00430C2E /* FavoritesSongsViewController.swift in Sources */,
			);
			runOnlyForDeploymentPostprocessing = 0;
		};
/* End PBXSourcesBuildPhase section */

/* Begin PBXVariantGroup section */
		5108B47D1FE332540041047F /* Main.storyboard */ = {
			isa = PBXVariantGroup;
			children = (
				5108B47E1FE332540041047F /* Base */,
			);
			name = Main.storyboard;
			sourceTree = "<group>";
		};
		5108B4821FE332540041047F /* LaunchScreen.storyboard */ = {
			isa = PBXVariantGroup;
			children = (
				5108B4831FE332540041047F /* Base */,
			);
			name = LaunchScreen.storyboard;
			sourceTree = "<group>";
		};
/* End PBXVariantGroup section */

/* Begin XCBuildConfiguration section */
		5108B4861FE332540041047F /* Debug */ = {
			isa = XCBuildConfiguration;
			buildSettings = {
				ALWAYS_SEARCH_USER_PATHS = NO;
				CLANG_ANALYZER_NONNULL = YES;
				CLANG_ANALYZER_NUMBER_OBJECT_CONVERSION = YES_AGGRESSIVE;
				CLANG_CXX_LANGUAGE_STANDARD = "gnu++14";
				CLANG_CXX_LIBRARY = "libc++";
				CLANG_ENABLE_MODULES = YES;
				CLANG_ENABLE_OBJC_ARC = YES;
				CLANG_WARN_BLOCK_CAPTURE_AUTORELEASING = YES;
				CLANG_WARN_BOOL_CONVERSION = YES;
				CLANG_WARN_COMMA = YES;
				CLANG_WARN_CONSTANT_CONVERSION = YES;
				CLANG_WARN_DIRECT_OBJC_ISA_USAGE = YES_ERROR;
				CLANG_WARN_DOCUMENTATION_COMMENTS = YES;
				CLANG_WARN_EMPTY_BODY = YES;
				CLANG_WARN_ENUM_CONVERSION = YES;
				CLANG_WARN_INFINITE_RECURSION = YES;
				CLANG_WARN_INT_CONVERSION = YES;
				CLANG_WARN_NON_LITERAL_NULL_CONVERSION = YES;
				CLANG_WARN_OBJC_LITERAL_CONVERSION = YES;
				CLANG_WARN_OBJC_ROOT_CLASS = YES_ERROR;
				CLANG_WARN_RANGE_LOOP_ANALYSIS = YES;
				CLANG_WARN_STRICT_PROTOTYPES = YES;
				CLANG_WARN_SUSPICIOUS_MOVE = YES;
				CLANG_WARN_UNGUARDED_AVAILABILITY = YES_AGGRESSIVE;
				CLANG_WARN_UNREACHABLE_CODE = YES;
				CLANG_WARN__DUPLICATE_METHOD_MATCH = YES;
				CODE_SIGN_IDENTITY = "iPhone Developer";
				COPY_PHASE_STRIP = NO;
				DEBUG_INFORMATION_FORMAT = dwarf;
				ENABLE_STRICT_OBJC_MSGSEND = YES;
				ENABLE_TESTABILITY = YES;
				GCC_C_LANGUAGE_STANDARD = gnu11;
				GCC_DYNAMIC_NO_PIC = NO;
				GCC_NO_COMMON_BLOCKS = YES;
				GCC_OPTIMIZATION_LEVEL = 0;
				GCC_PREPROCESSOR_DEFINITIONS = (
					"DEBUG=1",
					"$(inherited)",
				);
				GCC_WARN_64_TO_32_BIT_CONVERSION = YES;
				GCC_WARN_ABOUT_RETURN_TYPE = YES_ERROR;
				GCC_WARN_UNDECLARED_SELECTOR = YES;
				GCC_WARN_UNINITIALIZED_AUTOS = YES_AGGRESSIVE;
				GCC_WARN_UNUSED_FUNCTION = YES;
				GCC_WARN_UNUSED_VARIABLE = YES;
				IPHONEOS_DEPLOYMENT_TARGET = 11.2;
				MTL_ENABLE_DEBUG_INFO = YES;
				ONLY_ACTIVE_ARCH = YES;
				SDKROOT = iphoneos;
				SWIFT_ACTIVE_COMPILATION_CONDITIONS = DEBUG;
				SWIFT_OPTIMIZATION_LEVEL = "-Onone";
			};
			name = Debug;
		};
		5108B4871FE332540041047F /* Release */ = {
			isa = XCBuildConfiguration;
			buildSettings = {
				ALWAYS_SEARCH_USER_PATHS = NO;
				CLANG_ANALYZER_NONNULL = YES;
				CLANG_ANALYZER_NUMBER_OBJECT_CONVERSION = YES_AGGRESSIVE;
				CLANG_CXX_LANGUAGE_STANDARD = "gnu++14";
				CLANG_CXX_LIBRARY = "libc++";
				CLANG_ENABLE_MODULES = YES;
				CLANG_ENABLE_OBJC_ARC = YES;
				CLANG_WARN_BLOCK_CAPTURE_AUTORELEASING = YES;
				CLANG_WARN_BOOL_CONVERSION = YES;
				CLANG_WARN_COMMA = YES;
				CLANG_WARN_CONSTANT_CONVERSION = YES;
				CLANG_WARN_DIRECT_OBJC_ISA_USAGE = YES_ERROR;
				CLANG_WARN_DOCUMENTATION_COMMENTS = YES;
				CLANG_WARN_EMPTY_BODY = YES;
				CLANG_WARN_ENUM_CONVERSION = YES;
				CLANG_WARN_INFINITE_RECURSION = YES;
				CLANG_WARN_INT_CONVERSION = YES;
				CLANG_WARN_NON_LITERAL_NULL_CONVERSION = YES;
				CLANG_WARN_OBJC_LITERAL_CONVERSION = YES;
				CLANG_WARN_OBJC_ROOT_CLASS = YES_ERROR;
				CLANG_WARN_RANGE_LOOP_ANALYSIS = YES;
				CLANG_WARN_STRICT_PROTOTYPES = YES;
				CLANG_WARN_SUSPICIOUS_MOVE = YES;
				CLANG_WARN_UNGUARDED_AVAILABILITY = YES_AGGRESSIVE;
				CLANG_WARN_UNREACHABLE_CODE = YES;
				CLANG_WARN__DUPLICATE_METHOD_MATCH = YES;
				CODE_SIGN_IDENTITY = "iPhone Developer";
				COPY_PHASE_STRIP = NO;
				DEBUG_INFORMATION_FORMAT = "dwarf-with-dsym";
				ENABLE_NS_ASSERTIONS = NO;
				ENABLE_STRICT_OBJC_MSGSEND = YES;
				GCC_C_LANGUAGE_STANDARD = gnu11;
				GCC_NO_COMMON_BLOCKS = YES;
				GCC_WARN_64_TO_32_BIT_CONVERSION = YES;
				GCC_WARN_ABOUT_RETURN_TYPE = YES_ERROR;
				GCC_WARN_UNDECLARED_SELECTOR = YES;
				GCC_WARN_UNINITIALIZED_AUTOS = YES_AGGRESSIVE;
				GCC_WARN_UNUSED_FUNCTION = YES;
				GCC_WARN_UNUSED_VARIABLE = YES;
				IPHONEOS_DEPLOYMENT_TARGET = 11.2;
				MTL_ENABLE_DEBUG_INFO = NO;
				SDKROOT = iphoneos;
				SWIFT_OPTIMIZATION_LEVEL = "-Owholemodule";
				VALIDATE_PRODUCT = YES;
			};
			name = Release;
		};
		5108B4891FE332540041047F /* Debug */ = {
			isa = XCBuildConfiguration;
			buildSettings = {
				ASSETCATALOG_COMPILER_APPICON_NAME = AppIcon;
				CODE_SIGN_STYLE = Automatic;
				DEVELOPMENT_TEAM = HJ5Y59QJ6Q;
				INFOPLIST_FILE = songBook/Info.plist;
				LD_RUNPATH_SEARCH_PATHS = "$(inherited) @executable_path/Frameworks";
				PRODUCT_BUNDLE_IDENTIFIER = com.fvaldivia.songBook;
				PRODUCT_NAME = "$(TARGET_NAME)";
				SWIFT_VERSION = 4.0;
				TARGETED_DEVICE_FAMILY = "1,2";
			};
			name = Debug;
		};
		5108B48A1FE332540041047F /* Release */ = {
			isa = XCBuildConfiguration;
			buildSettings = {
				ASSETCATALOG_COMPILER_APPICON_NAME = AppIcon;
				CODE_SIGN_STYLE = Automatic;
				DEVELOPMENT_TEAM = HJ5Y59QJ6Q;
				INFOPLIST_FILE = songBook/Info.plist;
				LD_RUNPATH_SEARCH_PATHS = "$(inherited) @executable_path/Frameworks";
				PRODUCT_BUNDLE_IDENTIFIER = com.fvaldivia.songBook;
				PRODUCT_NAME = "$(TARGET_NAME)";
				SWIFT_VERSION = 4.0;
				TARGETED_DEVICE_FAMILY = "1,2";
			};
			name = Release;
		};
/* End XCBuildConfiguration section */

/* Begin XCConfigurationList section */
		5108B4711FE332540041047F /* Build configuration list for PBXProject "songBook" */ = {
			isa = XCConfigurationList;
			buildConfigurations = (
				5108B4861FE332540041047F /* Debug */,
				5108B4871FE332540041047F /* Release */,
			);
			defaultConfigurationIsVisible = 0;
			defaultConfigurationName = Release;
		};
		5108B4881FE332540041047F /* Build configuration list for PBXNativeTarget "songBook" */ = {
			isa = XCConfigurationList;
			buildConfigurations = (
				5108B4891FE332540041047F /* Debug */,
				5108B48A1FE332540041047F /* Release */,
			);
			defaultConfigurationIsVisible = 0;
			defaultConfigurationName = Release;
		};
/* End XCConfigurationList section */

/* Begin XCVersionGroup section */
		514C342F20CA13F000430C2E /* SongBook.xcdatamodeld */ = {
			isa = XCVersionGroup;
			children = (
				514C343020CA13F000430C2E /* SongBook.xcdatamodel */,
			);
			currentVersion = 514C343020CA13F000430C2E /* SongBook.xcdatamodel */;
			path = SongBook.xcdatamodeld;
			sourceTree = "<group>";
			versionGroupType = wrapper.xcdatamodel;
		};
/* End XCVersionGroup section */
	};
	rootObject = 5108B46E1FE332540041047F /* Project object */;
}
